
Microsoft Visual Studio Solution File, Format Version 12.00
# Visual Studio 15
VisualStudioVersion = 15.0.26730.16
MinimumVisualStudioVersion = 10.0.40219.1
Project("{9A19103F-16F7-4668-BE54-9A1E7A4F7556}") = "Web", "Web\Web.csproj", "{4CD0BF55-80A6-4A24-BBB5-756AAAE3099E}"
EndProject
Project("{9A19103F-16F7-4668-BE54-9A1E7A4F7556}") = "Infrastructure", "Infrastructure\Infrastructure.csproj", "{329A9C90-8DCD-4032-993D-5B14ECCF8F6D}"
EndProject
Project("{9A19103F-16F7-4668-BE54-9A1E7A4F7556}") = "AppCore", "AppCore\AppCore.csproj", "{E86E032F-980B-4531-B304-2A41AB903518}"
EndProject
Global
	GlobalSection(SolutionConfigurationPlatforms) = preSolution
		Debug|Any CPU = Debug|Any CPU
		Release|Any CPU = Release|Any CPU
	EndGlobalSection
	GlobalSection(ProjectConfigurationPlatforms) = postSolution
		{4CD0BF55-80A6-4A24-BBB5-756AAAE3099E}.Debug|Any CPU.ActiveCfg = Debug|Any CPU
		{4CD0BF55-80A6-4A24-BBB5-756AAAE3099E}.Debug|Any CPU.Build.0 = Debug|Any CPU
		{4CD0BF55-80A6-4A24-BBB5-756AAAE3099E}.Release|Any CPU.ActiveCfg = Release|Any CPU
		{4CD0BF55-80A6-4A24-BBB5-756AAAE3099E}.Release|Any CPU.Build.0 = Release|Any CPU
		{329A9C90-8DCD-4032-993D-5B14ECCF8F6D}.Debug|Any CPU.ActiveCfg = Debug|Any CPU
		{329A9C90-8DCD-4032-993D-5B14ECCF8F6D}.Debug|Any CPU.Build.0 = Debug|Any CPU
		{329A9C90-8DCD-4032-993D-5B14ECCF8F6D}.Release|Any CPU.ActiveCfg = Release|Any CPU
		{329A9C90-8DCD-4032-993D-5B14ECCF8F6D}.Release|Any CPU.Build.0 = Release|Any CPU
		{E86E032F-980B-4531-B304-2A41AB903518}.Debug|Any CPU.ActiveCfg = Debug|Any CPU
		{E86E032F-980B-4531-B304-2A41AB903518}.Debug|Any CPU.Build.0 = Debug|Any CPU
		{E86E032F-980B-4531-B304-2A41AB903518}.Release|Any CPU.ActiveCfg = Release|Any CPU
		{E86E032F-980B-4531-B304-2A41AB903518}.Release|Any CPU.Build.0 = Release|Any CPU
	EndGlobalSection
	GlobalSection(SolutionProperties) = preSolution
		HideSolutionNode = FALSE
	EndGlobalSection
	GlobalSection(ExtensibilityGlobals) = postSolution
		SolutionGuid = {768936C5-27D7-4A3A-9F65-F7FE16F1DDF4}
	EndGlobalSection
EndGlobal
